
Microsoft Visual Studio Solution File, Format Version 12.00
# Visual Studio Version 16
VisualStudioVersion = 16.0.31025.218
MinimumVisualStudioVersion = 10.0.40219.1
Project("{9A19103F-16F7-4668-BE54-9A1E7A4F7556}") = "Tavenem.DataStore.EntityFramework", "Tavenem.DataStore.EntityFramework.csproj", "{17E55257-C800-47FC-9344-A5B7C2437A0E}"
EndProject
Project("{2150E333-8FDC-42A3-9474-1A3956D46DE8}") = "Solution Items", "Solution Items", "{F2FB28F3-0D99-4807-8FF6-5B274C146792}"
	ProjectSection(SolutionItems) = preProject
		..\.github\workflows\build.yml = ..\.github\workflows\build.yml
		..\docs\CHANGELOG.md = ..\docs\CHANGELOG.md
		..\docs\CODE_OF_CONDUCT.md = ..\docs\CODE_OF_CONDUCT.md
		..\docs\CONTRIBUTING.md = ..\docs\CONTRIBUTING.md
		..\.github\workflows\publish.yml = ..\.github\workflows\publish.yml
		..\README.md = ..\README.md
	EndProjectSection
EndProject
Global
	GlobalSection(SolutionConfigurationPlatforms) = preSolution
		Debug|Any CPU = Debug|Any CPU
		Release|Any CPU = Release|Any CPU
	EndGlobalSection
	GlobalSection(ProjectConfigurationPlatforms) = postSolution
		{17E55257-C800-47FC-9344-A5B7C2437A0E}.Debug|Any CPU.ActiveCfg = Debug|Any CPU
		{17E55257-C800-47FC-9344-A5B7C2437A0E}.Debug|Any CPU.Build.0 = Debug|Any CPU
		{17E55257-C800-47FC-9344-A5B7C2437A0E}.Release|Any CPU.ActiveCfg = Release|Any CPU
		{17E55257-C800-47FC-9344-A5B7C2437A0E}.Release|Any CPU.Build.0 = Release|Any CPU
	EndGlobalSection
	GlobalSection(SolutionProperties) = preSolution
		HideSolutionNode = FALSE
	EndGlobalSection
	GlobalSection(ExtensibilityGlobals) = postSolution
		SolutionGuid = {C2504FBA-2CBE-4ED3-9769-20AD0A277AE0}
	EndGlobalSection
EndGlobal
